
Microsoft Visual Studio Solution File, Format Version 12.00
# Visual Studio 15
Project("{FAE04EC0-301F-11D3-BF4B-00C04F79EFBC}") = "That Which Smolders", "Assembly-CSharp.csproj", "{CEC5A185-5BAA-87A9-6F01-AA0EB3985806}"
EndProject
Project("{FAE04EC0-301F-11D3-BF4B-00C04F79EFBC}") = "That Which Smolders", "Assembly-CSharp-Editor.csproj", "{585912E3-EC2B-CDBF-19DE-AB67F4DB773D}"
EndProject
Global
	GlobalSection(SolutionConfigurationPlatforms) = preSolution
		Debug|Any CPU = Debug|Any CPU
		Release|Any CPU = Release|Any CPU
	EndGlobalSection
	GlobalSection(ProjectConfigurationPlatforms) = postSolution
		{CEC5A185-5BAA-87A9-6F01-AA0EB3985806}.Debug|Any CPU.ActiveCfg = Debug|Any CPU
		{CEC5A185-5BAA-87A9-6F01-AA0EB3985806}.Debug|Any CPU.Build.0 = Debug|Any CPU
		{CEC5A185-5BAA-87A9-6F01-AA0EB3985806}.Release|Any CPU.ActiveCfg = Release|Any CPU
		{CEC5A185-5BAA-87A9-6F01-AA0EB3985806}.Release|Any CPU.Build.0 = Release|Any CPU
		{585912E3-EC2B-CDBF-19DE-AB67F4DB773D}.Debug|Any CPU.ActiveCfg = Debug|Any CPU
		{585912E3-EC2B-CDBF-19DE-AB67F4DB773D}.Debug|Any CPU.Build.0 = Debug|Any CPU
		{585912E3-EC2B-CDBF-19DE-AB67F4DB773D}.Release|Any CPU.ActiveCfg = Release|Any CPU
		{585912E3-EC2B-CDBF-19DE-AB67F4DB773D}.Release|Any CPU.Build.0 = Release|Any CPU
	EndGlobalSection
	GlobalSection(SolutionProperties) = preSolution
		HideSolutionNode = FALSE
	EndGlobalSection
EndGlobal
